
Microsoft Visual Studio Solution File, Format Version 12.00
# Visual Studio Version 17
VisualStudioVersion = 17.6.33723.286
MinimumVisualStudioVersion = 10.0.40219.1
Project("{FAE04EC0-301F-11D3-BF4B-00C04F79EFBC}") = "GestionNumerosAleatorios", "GestionNumerosAleatorios\GestionNumerosAleatorios.csproj", "{21169A36-E2A5-47BC-9C5C-DCC188DFB34B}"
EndProject
Global
	GlobalSection(SolutionConfigurationPlatforms) = preSolution
		Debug|Any CPU = Debug|Any CPU
		Release|Any CPU = Release|Any CPU
	EndGlobalSection
	GlobalSection(ProjectConfigurationPlatforms) = postSolution
		{21169A36-E2A5-47BC-9C5C-DCC188DFB34B}.Debug|Any CPU.ActiveCfg = Debug|Any CPU
		{21169A36-E2A5-47BC-9C5C-DCC188DFB34B}.Debug|Any CPU.Build.0 = Debug|Any CPU
		{21169A36-E2A5-47BC-9C5C-DCC188DFB34B}.Release|Any CPU.ActiveCfg = Release|Any CPU
		{21169A36-E2A5-47BC-9C5C-DCC188DFB34B}.Release|Any CPU.Build.0 = Release|Any CPU
	EndGlobalSection
	GlobalSection(SolutionProperties) = preSolution
		HideSolutionNode = FALSE
	EndGlobalSection
	GlobalSection(ExtensibilityGlobals) = postSolution
		SolutionGuid = {28574CA0-BADE-4483-B388-4DD33EB2F907}
	EndGlobalSection
EndGlobal
